
Microsoft Visual Studio Solution File, Format Version 12.00
# Visual Studio Version 16
VisualStudioVersion = 16.0.31729.503
MinimumVisualStudioVersion = 10.0.40219.1
Project("{9A19103F-16F7-4668-BE54-9A1E7A4F7556}") = "lab1", "lab1\lab1.csproj", "{15505A83-6B44-4407-93FC-556009F0AEE9}"
EndProject
Project("{FAE04EC0-301F-11D3-BF4B-00C04F79EFBC}") = "lab1_WpfApp1", "lab1_WpfApp1\lab1_WpfApp1.csproj", "{55067651-CC88-4EC2-839C-544E8735533A}"
EndProject
Global
	GlobalSection(SolutionConfigurationPlatforms) = preSolution
		Debug|Any CPU = Debug|Any CPU
		Release|Any CPU = Release|Any CPU
	EndGlobalSection
	GlobalSection(ProjectConfigurationPlatforms) = postSolution
		{15505A83-6B44-4407-93FC-556009F0AEE9}.Debug|Any CPU.ActiveCfg = Debug|Any CPU
		{15505A83-6B44-4407-93FC-556009F0AEE9}.Debug|Any CPU.Build.0 = Debug|Any CPU
		{15505A83-6B44-4407-93FC-556009F0AEE9}.Release|Any CPU.ActiveCfg = Release|Any CPU
		{15505A83-6B44-4407-93FC-556009F0AEE9}.Release|Any CPU.Build.0 = Release|Any CPU
		{55067651-CC88-4EC2-839C-544E8735533A}.Debug|Any CPU.ActiveCfg = Debug|Any CPU
		{55067651-CC88-4EC2-839C-544E8735533A}.Debug|Any CPU.Build.0 = Debug|Any CPU
		{55067651-CC88-4EC2-839C-544E8735533A}.Release|Any CPU.ActiveCfg = Release|Any CPU
		{55067651-CC88-4EC2-839C-544E8735533A}.Release|Any CPU.Build.0 = Release|Any CPU
	EndGlobalSection
	GlobalSection(SolutionProperties) = preSolution
		HideSolutionNode = FALSE
	EndGlobalSection
	GlobalSection(ExtensibilityGlobals) = postSolution
		SolutionGuid = {5AC4EF23-26A5-4811-A72F-330219B14C39}
	EndGlobalSection
EndGlobal
