
Microsoft Visual Studio Solution File, Format Version 12.00
# Visual Studio Version 16
VisualStudioVersion = 16.0.31702.278
MinimumVisualStudioVersion = 10.0.40219.1
Project("{FAE04EC0-301F-11D3-BF4B-00C04F79EFBC}") = "WpfApp1", "WpfApp1\WpfApp1.csproj", "{48B696F3-5391-48BF-AA7B-DBFD28AE4546}"
EndProject
Global
	GlobalSection(SolutionConfigurationPlatforms) = preSolution
		Debug|Any CPU = Debug|Any CPU
		Release|Any CPU = Release|Any CPU
	EndGlobalSection
	GlobalSection(ProjectConfigurationPlatforms) = postSolution
		{48B696F3-5391-48BF-AA7B-DBFD28AE4546}.Debug|Any CPU.ActiveCfg = Debug|Any CPU
		{48B696F3-5391-48BF-AA7B-DBFD28AE4546}.Debug|Any CPU.Build.0 = Debug|Any CPU
		{48B696F3-5391-48BF-AA7B-DBFD28AE4546}.Release|Any CPU.ActiveCfg = Release|Any CPU
		{48B696F3-5391-48BF-AA7B-DBFD28AE4546}.Release|Any CPU.Build.0 = Release|Any CPU
	EndGlobalSection
	GlobalSection(SolutionProperties) = preSolution
		HideSolutionNode = FALSE
	EndGlobalSection
	GlobalSection(ExtensibilityGlobals) = postSolution
		SolutionGuid = {543835E5-7B88-4F90-82FF-EA2ADC9E0EA1}
	EndGlobalSection
EndGlobal
