
Microsoft Visual Studio Solution File, Format Version 12.00
# Visual Studio Version 16
VisualStudioVersion = 16.0.31729.503
MinimumVisualStudioVersion = 10.0.40219.1
Project("{9A19103F-16F7-4668-BE54-9A1E7A4F7556}") = "lab 2", "lab 2\lab 2.csproj", "{037C8DC0-2A31-4C06-8BF4-313458495644}"
EndProject
Project("{FAE04EC0-301F-11D3-BF4B-00C04F79EFBC}") = "Task_1-1", "Task_1-1\Task_1-1.csproj", "{26A811D9-B369-4D87-8F6C-8234B666585F}"
EndProject
Project("{FAE04EC0-301F-11D3-BF4B-00C04F79EFBC}") = "Task_2", "Task_2\Task_2.csproj", "{4DBC4F36-D90F-4FF8-A1C8-BA6F15EC87E6}"
EndProject
Project("{FAE04EC0-301F-11D3-BF4B-00C04F79EFBC}") = "Task_3-1", "Task_3-1\Task_3-1.csproj", "{3B7C8C31-DE89-4455-B9D9-E5A5DD56D7AD}"
EndProject
Project("{FAE04EC0-301F-11D3-BF4B-00C04F79EFBC}") = "1_Conversion_programm", "1_Conversion_programm\1_Conversion_programm.csproj", "{0A9F72A2-D1EC-4E14-A5E8-957682F94C33}"
EndProject
Project("{FAE04EC0-301F-11D3-BF4B-00C04F79EFBC}") = "Task_1-1_upgraded", "Task_1-1_upgraded\Task_1-1_upgraded.csproj", "{3CE93994-F7BA-4D93-9D80-91D99C88F796}"
EndProject
Global
	GlobalSection(SolutionConfigurationPlatforms) = preSolution
		Debug|Any CPU = Debug|Any CPU
		Release|Any CPU = Release|Any CPU
	EndGlobalSection
	GlobalSection(ProjectConfigurationPlatforms) = postSolution
		{037C8DC0-2A31-4C06-8BF4-313458495644}.Debug|Any CPU.ActiveCfg = Debug|Any CPU
		{037C8DC0-2A31-4C06-8BF4-313458495644}.Debug|Any CPU.Build.0 = Debug|Any CPU
		{037C8DC0-2A31-4C06-8BF4-313458495644}.Release|Any CPU.ActiveCfg = Release|Any CPU
		{037C8DC0-2A31-4C06-8BF4-313458495644}.Release|Any CPU.Build.0 = Release|Any CPU
		{26A811D9-B369-4D87-8F6C-8234B666585F}.Debug|Any CPU.ActiveCfg = Debug|Any CPU
		{26A811D9-B369-4D87-8F6C-8234B666585F}.Debug|Any CPU.Build.0 = Debug|Any CPU
		{26A811D9-B369-4D87-8F6C-8234B666585F}.Release|Any CPU.ActiveCfg = Release|Any CPU
		{26A811D9-B369-4D87-8F6C-8234B666585F}.Release|Any CPU.Build.0 = Release|Any CPU
		{4DBC4F36-D90F-4FF8-A1C8-BA6F15EC87E6}.Debug|Any CPU.ActiveCfg = Debug|Any CPU
		{4DBC4F36-D90F-4FF8-A1C8-BA6F15EC87E6}.Debug|Any CPU.Build.0 = Debug|Any CPU
		{4DBC4F36-D90F-4FF8-A1C8-BA6F15EC87E6}.Release|Any CPU.ActiveCfg = Release|Any CPU
		{4DBC4F36-D90F-4FF8-A1C8-BA6F15EC87E6}.Release|Any CPU.Build.0 = Release|Any CPU
		{3B7C8C31-DE89-4455-B9D9-E5A5DD56D7AD}.Debug|Any CPU.ActiveCfg = Debug|Any CPU
		{3B7C8C31-DE89-4455-B9D9-E5A5DD56D7AD}.Debug|Any CPU.Build.0 = Debug|Any CPU
		{3B7C8C31-DE89-4455-B9D9-E5A5DD56D7AD}.Release|Any CPU.ActiveCfg = Release|Any CPU
		{3B7C8C31-DE89-4455-B9D9-E5A5DD56D7AD}.Release|Any CPU.Build.0 = Release|Any CPU
		{0A9F72A2-D1EC-4E14-A5E8-957682F94C33}.Debug|Any CPU.ActiveCfg = Debug|Any CPU
		{0A9F72A2-D1EC-4E14-A5E8-957682F94C33}.Debug|Any CPU.Build.0 = Debug|Any CPU
		{0A9F72A2-D1EC-4E14-A5E8-957682F94C33}.Release|Any CPU.ActiveCfg = Release|Any CPU
		{0A9F72A2-D1EC-4E14-A5E8-957682F94C33}.Release|Any CPU.Build.0 = Release|Any CPU
		{3CE93994-F7BA-4D93-9D80-91D99C88F796}.Debug|Any CPU.ActiveCfg = Debug|Any CPU
		{3CE93994-F7BA-4D93-9D80-91D99C88F796}.Debug|Any CPU.Build.0 = Debug|Any CPU
		{3CE93994-F7BA-4D93-9D80-91D99C88F796}.Release|Any CPU.ActiveCfg = Release|Any CPU
		{3CE93994-F7BA-4D93-9D80-91D99C88F796}.Release|Any CPU.Build.0 = Release|Any CPU
	EndGlobalSection
	GlobalSection(SolutionProperties) = preSolution
		HideSolutionNode = FALSE
	EndGlobalSection
	GlobalSection(ExtensibilityGlobals) = postSolution
		SolutionGuid = {33D31FE1-3597-45CD-A103-D0C8F9C63B3A}
	EndGlobalSection
EndGlobal
